
Microsoft Visual Studio Solution File, Format Version 12.00
# Visual Studio Version 17
VisualStudioVersion = 17.3.32825.248
MinimumVisualStudioVersion = 10.0.40219.1
Project("{FAE04EC0-301F-11D3-BF4B-00C04F79EFBC}") = "AgriCulture", "AgriCulture\AgriCulture.csproj", "{FB3A85F3-92AC-4C98-A552-1F77271CC697}"
EndProject
Project("{FAE04EC0-301F-11D3-BF4B-00C04F79EFBC}") = "EntityLayer", "EntityLayer\EntityLayer.csproj", "{74DC6F5B-771E-4653-9DC1-627D5D42BFEB}"
EndProject
Project("{FAE04EC0-301F-11D3-BF4B-00C04F79EFBC}") = "DataAcssesLayer", "DataAcssesLayer\DataAcssesLayer.csproj", "{E001B804-89B0-474E-B463-E7DA76125FF5}"
EndProject
Project("{FAE04EC0-301F-11D3-BF4B-00C04F79EFBC}") = "BusinesLayer", "BusinesLayer\BusinesLayer.csproj", "{EF205F3A-EE51-411A-BA18-08EA41363A86}"
EndProject
Global
	GlobalSection(SolutionConfigurationPlatforms) = preSolution
		Debug|Any CPU = Debug|Any CPU
		Release|Any CPU = Release|Any CPU
	EndGlobalSection
	GlobalSection(ProjectConfigurationPlatforms) = postSolution
		{FB3A85F3-92AC-4C98-A552-1F77271CC697}.Debug|Any CPU.ActiveCfg = Debug|Any CPU
		{FB3A85F3-92AC-4C98-A552-1F77271CC697}.Debug|Any CPU.Build.0 = Debug|Any CPU
		{FB3A85F3-92AC-4C98-A552-1F77271CC697}.Release|Any CPU.ActiveCfg = Release|Any CPU
		{FB3A85F3-92AC-4C98-A552-1F77271CC697}.Release|Any CPU.Build.0 = Release|Any CPU
		{74DC6F5B-771E-4653-9DC1-627D5D42BFEB}.Debug|Any CPU.ActiveCfg = Debug|Any CPU
		{74DC6F5B-771E-4653-9DC1-627D5D42BFEB}.Debug|Any CPU.Build.0 = Debug|Any CPU
		{74DC6F5B-771E-4653-9DC1-627D5D42BFEB}.Release|Any CPU.ActiveCfg = Release|Any CPU
		{74DC6F5B-771E-4653-9DC1-627D5D42BFEB}.Release|Any CPU.Build.0 = Release|Any CPU
		{E001B804-89B0-474E-B463-E7DA76125FF5}.Debug|Any CPU.ActiveCfg = Debug|Any CPU
		{E001B804-89B0-474E-B463-E7DA76125FF5}.Debug|Any CPU.Build.0 = Debug|Any CPU
		{E001B804-89B0-474E-B463-E7DA76125FF5}.Release|Any CPU.ActiveCfg = Release|Any CPU
		{E001B804-89B0-474E-B463-E7DA76125FF5}.Release|Any CPU.Build.0 = Release|Any CPU
		{EF205F3A-EE51-411A-BA18-08EA41363A86}.Debug|Any CPU.ActiveCfg = Debug|Any CPU
		{EF205F3A-EE51-411A-BA18-08EA41363A86}.Debug|Any CPU.Build.0 = Debug|Any CPU
		{EF205F3A-EE51-411A-BA18-08EA41363A86}.Release|Any CPU.ActiveCfg = Release|Any CPU
		{EF205F3A-EE51-411A-BA18-08EA41363A86}.Release|Any CPU.Build.0 = Release|Any CPU
	EndGlobalSection
	GlobalSection(SolutionProperties) = preSolution
		HideSolutionNode = FALSE
	EndGlobalSection
	GlobalSection(ExtensibilityGlobals) = postSolution
		SolutionGuid = {33CBCD6A-1ACB-403B-A5A6-37E3DAA6DB88}
	EndGlobalSection
EndGlobal
